
Microsoft Visual Studio Solution File, Format Version 12.00
# Visual Studio 15
VisualStudioVersion = 15.0.27130.2010
MinimumVisualStudioVersion = 10.0.40219.1
Project("{E24C65DC-7377-472B-9ABA-BC803B73C61A}") = "OnlineFS", "OnlineFS\", "{F14BFE1B-EF8D-4A3D-B74C-CFE1087C58DC}"
	ProjectSection(WebsiteProperties) = preProject
		TargetFrameworkMoniker = ".NETFramework,Version%3Dv4.6.1"
		Debug.AspNetCompiler.VirtualPath = "/localhost_60114"
		Debug.AspNetCompiler.PhysicalPath = "OnlineFS\"
		Debug.AspNetCompiler.TargetPath = "PrecompiledWeb\localhost_60114\"
		Debug.AspNetCompiler.Updateable = "true"
		Debug.AspNetCompiler.ForceOverwrite = "true"
		Debug.AspNetCompiler.FixedNames = "false"
		Debug.AspNetCompiler.Debug = "True"
		Release.AspNetCompiler.VirtualPath = "/localhost_60114"
		Release.AspNetCompiler.PhysicalPath = "OnlineFS\"
		Release.AspNetCompiler.TargetPath = "PrecompiledWeb\localhost_60114\"
		Release.AspNetCompiler.Updateable = "true"
		Release.AspNetCompiler.ForceOverwrite = "true"
		Release.AspNetCompiler.FixedNames = "false"
		Release.AspNetCompiler.Debug = "False"
		VWDPort = "60114"
		SlnRelativePath = "OnlineFS\"
		DefaultWebSiteLanguage = "Visual C#"
	EndProjectSection
EndProject
Global
	GlobalSection(SolutionConfigurationPlatforms) = preSolution
		Debug|Any CPU = Debug|Any CPU
	EndGlobalSection
	GlobalSection(ProjectConfigurationPlatforms) = postSolution
		{F14BFE1B-EF8D-4A3D-B74C-CFE1087C58DC}.Debug|Any CPU.ActiveCfg = Debug|Any CPU
		{F14BFE1B-EF8D-4A3D-B74C-CFE1087C58DC}.Debug|Any CPU.Build.0 = Debug|Any CPU
	EndGlobalSection
	GlobalSection(SolutionProperties) = preSolution
		HideSolutionNode = FALSE
	EndGlobalSection
	GlobalSection(ExtensibilityGlobals) = postSolution
		SolutionGuid = {D763C674-E968-49D4-82A5-CD44E278B08B}
	EndGlobalSection
EndGlobal
